
Microsoft Visual Studio Solution File, Format Version 12.00
# Visual Studio Version 17
VisualStudioVersion = 17.1.32421.90
MinimumVisualStudioVersion = 10.0.40219.1
Project("{FAE04EC0-301F-11D3-BF4B-00C04F79EFBC}") = "MusicOfTheDayBot", "MusicOfTheDayBot\MusicOfTheDayBot.csproj", "{4F6623D8-F8F3-424B-83C9-83ABDAD2ADED}"
EndProject
Global
	GlobalSection(SolutionConfigurationPlatforms) = preSolution
		Debug|Any CPU = Debug|Any CPU
		Release|Any CPU = Release|Any CPU
	EndGlobalSection
	GlobalSection(ProjectConfigurationPlatforms) = postSolution
		{4F6623D8-F8F3-424B-83C9-83ABDAD2ADED}.Debug|Any CPU.ActiveCfg = Debug|Any CPU
		{4F6623D8-F8F3-424B-83C9-83ABDAD2ADED}.Debug|Any CPU.Build.0 = Debug|Any CPU
		{4F6623D8-F8F3-424B-83C9-83ABDAD2ADED}.Release|Any CPU.ActiveCfg = Release|Any CPU
		{4F6623D8-F8F3-424B-83C9-83ABDAD2ADED}.Release|Any CPU.Build.0 = Release|Any CPU
	EndGlobalSection
	GlobalSection(SolutionProperties) = preSolution
		HideSolutionNode = FALSE
	EndGlobalSection
	GlobalSection(ExtensibilityGlobals) = postSolution
		SolutionGuid = {B78E2998-38A1-44D9-B8D4-4892B7B2A646}
	EndGlobalSection
EndGlobal
